
Microsoft Visual Studio Solution File, Format Version 12.00
# Visual Studio Version 17
VisualStudioVersion = 17.8.34330.188
MinimumVisualStudioVersion = 10.0.40219.1
Project("{FAE04EC0-301F-11D3-BF4B-00C04F79EFBC}") = "OOPKR1", "OOPKR1\OOPKR1.csproj", "{5D693817-D00D-400E-9E03-B0233D38FD69}"
EndProject
Global
	GlobalSection(SolutionConfigurationPlatforms) = preSolution
		Debug|Any CPU = Debug|Any CPU
		Release|Any CPU = Release|Any CPU
	EndGlobalSection
	GlobalSection(ProjectConfigurationPlatforms) = postSolution
		{5D693817-D00D-400E-9E03-B0233D38FD69}.Debug|Any CPU.ActiveCfg = Debug|Any CPU
		{5D693817-D00D-400E-9E03-B0233D38FD69}.Debug|Any CPU.Build.0 = Debug|Any CPU
		{5D693817-D00D-400E-9E03-B0233D38FD69}.Release|Any CPU.ActiveCfg = Release|Any CPU
		{5D693817-D00D-400E-9E03-B0233D38FD69}.Release|Any CPU.Build.0 = Release|Any CPU
	EndGlobalSection
	GlobalSection(SolutionProperties) = preSolution
		HideSolutionNode = FALSE
	EndGlobalSection
	GlobalSection(ExtensibilityGlobals) = postSolution
		SolutionGuid = {C9D261CC-B741-495F-86E0-B9BBE649A4C3}
	EndGlobalSection
EndGlobal
